
Microsoft Visual Studio Solution File, Format Version 12.00
# Visual Studio 15
VisualStudioVersion = 15.0.28307.1000
MinimumVisualStudioVersion = 10.0.40219.1
Project("{FAE04EC0-301F-11D3-BF4B-00C04F79EFBC}") = "ardunio", "ardunio\ardunio.csproj", "{A797AA60-BA13-4D13-9891-767C7CF7CBCE}"
EndProject
Global
	GlobalSection(SolutionConfigurationPlatforms) = preSolution
		Debug|Any CPU = Debug|Any CPU
		Release|Any CPU = Release|Any CPU
	EndGlobalSection
	GlobalSection(ProjectConfigurationPlatforms) = postSolution
		{A797AA60-BA13-4D13-9891-767C7CF7CBCE}.Debug|Any CPU.ActiveCfg = Debug|Any CPU
		{A797AA60-BA13-4D13-9891-767C7CF7CBCE}.Debug|Any CPU.Build.0 = Debug|Any CPU
		{A797AA60-BA13-4D13-9891-767C7CF7CBCE}.Release|Any CPU.ActiveCfg = Release|Any CPU
		{A797AA60-BA13-4D13-9891-767C7CF7CBCE}.Release|Any CPU.Build.0 = Release|Any CPU
	EndGlobalSection
	GlobalSection(SolutionProperties) = preSolution
		HideSolutionNode = FALSE
	EndGlobalSection
	GlobalSection(ExtensibilityGlobals) = postSolution
		SolutionGuid = {120A471E-0B8A-4261-856B-0FE2E9F72681}
	EndGlobalSection
EndGlobal
